
Microsoft Visual Studio Solution File, Format Version 12.00
# Visual Studio Version 17
VisualStudioVersion = 17.1.32328.378
MinimumVisualStudioVersion = 10.0.40219.1
Project("{FAE04EC0-301F-11D3-BF4B-00C04F79EFBC}") = "Criatividade", "Criatividade\Criatividade.csproj", "{D3430D9B-9374-4BA1-9820-6801507473E5}"
EndProject
Global
	GlobalSection(SolutionConfigurationPlatforms) = preSolution
		Debug|Any CPU = Debug|Any CPU
		Release|Any CPU = Release|Any CPU
	EndGlobalSection
	GlobalSection(ProjectConfigurationPlatforms) = postSolution
		{D3430D9B-9374-4BA1-9820-6801507473E5}.Debug|Any CPU.ActiveCfg = Debug|Any CPU
		{D3430D9B-9374-4BA1-9820-6801507473E5}.Debug|Any CPU.Build.0 = Debug|Any CPU
		{D3430D9B-9374-4BA1-9820-6801507473E5}.Release|Any CPU.ActiveCfg = Release|Any CPU
		{D3430D9B-9374-4BA1-9820-6801507473E5}.Release|Any CPU.Build.0 = Release|Any CPU
	EndGlobalSection
	GlobalSection(SolutionProperties) = preSolution
		HideSolutionNode = FALSE
	EndGlobalSection
	GlobalSection(ExtensibilityGlobals) = postSolution
		SolutionGuid = {A8658ECA-CE4F-49B6-B51B-D60945274785}
	EndGlobalSection
EndGlobal
